lockfileVersion: '9.0'

settings:
  autoInstallPeers: true
  excludeLinksFromLockfile: false

importers:

  .:
    devDependencies:
      '@deepseek-ai/cordis':
        specifier: link:/root/.nvm/versions/node/v24.1.0/lib/node_modules/@deepseek-ai/dsh/node_modules/@deepseek-ai/cordis
        version: link:../../root/.nvm/versions/node/v24.1.0/lib/node_modules/@deepseek-ai/dsh/node_modules/@deepseek-ai/cordis
      '@deepseek-ai/dsh-host-webserver':
        specifier: link:/root/.nvm/versions/node/v24.1.0/lib/node_modules/@deepseek-ai/dsh/node_modules/@deepseek-ai/dsh-host-webserver
        version: link:../../root/.nvm/versions/node/v24.1.0/lib/node_modules/@deepseek-ai/dsh/node_modules/@deepseek-ai/dsh-host-webserver
      '@deepseek-ai/dsh-llm':
        specifier: link:/root/.nvm/versions/node/v24.1.0/lib/node_modules/@deepseek-ai/dsh/node_modules/@deepseek-ai/dsh-llm
        version: link:../../root/.nvm/versions/node/v24.1.0/lib/node_modules/@deepseek-ai/dsh/node_modules/@deepseek-ai/dsh-llm
      '@deepseek-ai/dsh-session':
        specifier: link:/root/.nvm/versions/node/v24.1.0/lib/node_modules/@deepseek-ai/dsh/node_modules/@deepseek-ai/dsh-session
        version: link:../../root/.nvm/versions/node/v24.1.0/lib/node_modules/@deepseek-ai/dsh/node_modules/@deepseek-ai/dsh-session
      '@deepseek-ai/dsh-settings':
        specifier: link:/root/.nvm/versions/node/v24.1.0/lib/node_modules/@deepseek-ai/dsh/node_modules/@deepseek-ai/dsh-settings
        version: link:../../root/.nvm/versions/node/v24.1.0/lib/node_modules/@deepseek-ai/dsh/node_modules/@deepseek-ai/dsh-settings
      '@deepseek-ai/dsh-system-prompt':
        specifier: link:/root/.nvm/versions/node/v24.1.0/lib/node_modules/@deepseek-ai/dsh/node_modules/@deepseek-ai/dsh-system-prompt
        version: link:../../root/.nvm/versions/node/v24.1.0/lib/node_modules/@deepseek-ai/dsh/node_modules/@deepseek-ai/dsh-system-prompt
      '@deepseek-ai/dsh-tools':
        specifier: link:/root/.nvm/versions/node/v24.1.0/lib/node_modules/@deepseek-ai/dsh/node_modules/@deepseek-ai/dsh-tools
        version: link:../../root/.nvm/versions/node/v24.1.0/lib/node_modules/@deepseek-ai/dsh/node_modules/@deepseek-ai/dsh-tools
      '@deepseek-ai/schemastery':
        specifier: link:/root/.nvm/versions/node/v24.1.0/lib/node_modules/@deepseek-ai/dsh/node_modules/@deepseek-ai/schemastery
        version: link:../../root/.nvm/versions/node/v24.1.0/lib/node_modules/@deepseek-ai/dsh/node_modules/@deepseek-ai/schemastery
      '@types/node':
        specifier: ^24.0.0
        version: 24.13.3
      typescript:
        specifier: ^5.9.0
        version: 5.9.3

packages:

  '@types/node@24.13.3':
    resolution: {integrity: sha512-Dh8vAsV36ig5wa9OX4pXvMc9D3Veibfw2wix0CUwYODLD8nkj9UsLjASr49nPg+2eKzxhBV+v7L8pXvT4e639Q==}

  typescript@5.9.3:
    resolution: {integrity: sha512-jl1vZzPDinLr9eUt3J/t7V6FgNEw9QjvBPdysz9KfQDD41fQrC2Y4vKQdiaUpFT4bXlb1RHhLpp8wtm6M5TgSw==}
    engines: {node: '>=14.17'}
    hasBin: true

  undici-types@7.18.2:
    resolution: {integrity: sha512-AsuCzffGHJybSaRrmr5eHr81mwJU3kjw6M+uprWvCXiNeN9SOGwQ3Jn8jb8m3Z6izVgknn1R0FTCEAP2QrLY/w==}

snapshots:

  '@types/node@24.13.3':
    dependencies:
      undici-types: 7.18.2

  typescript@5.9.3: {}

  undici-types@7.18.2: {}
